
Microsoft Visual Studio Solution File, Format Version 12.00
# Visual Studio Version 16
VisualStudioVersion = 16.0.31624.102
MinimumVisualStudioVersion = 10.0.40219.1
Project("{FAE04EC0-301F-11D3-BF4B-00C04F79EFBC}") = "OlaMundo", "OlaMundo\OlaMundo.csproj", "{C178E80C-2FC3-4828-AB5E-86D33D65312B}"
EndProject
Global
	GlobalSection(SolutionConfigurationPlatforms) = preSolution
		Debug|Any CPU = Debug|Any CPU
		Release|Any CPU = Release|Any CPU
	EndGlobalSection
	GlobalSection(ProjectConfigurationPlatforms) = postSolution
		{C178E80C-2FC3-4828-AB5E-86D33D65312B}.Debug|Any CPU.ActiveCfg = Debug|Any CPU
		{C178E80C-2FC3-4828-AB5E-86D33D65312B}.Debug|Any CPU.Build.0 = Debug|Any CPU
		{C178E80C-2FC3-4828-AB5E-86D33D65312B}.Release|Any CPU.ActiveCfg = Release|Any CPU
		{C178E80C-2FC3-4828-AB5E-86D33D65312B}.Release|Any CPU.Build.0 = Release|Any CPU
	EndGlobalSection
	GlobalSection(SolutionProperties) = preSolution
		HideSolutionNode = FALSE
	EndGlobalSection
	GlobalSection(ExtensibilityGlobals) = postSolution
		SolutionGuid = {8D8DF60B-EC20-48F3-82E2-710AE9BF4CCB}
	EndGlobalSection
EndGlobal
